
Microsoft Visual Studio Solution File, Format Version 12.00
# Visual Studio 2010
Project("{FAE04EC0-301F-11D3-BF4B-00C04F79EFBC}") = "AppHarbor.Sample", "Samples\AppHarbor.Sample\AppHarbor.Sample.csproj", "{0C3887D5-069A-4212-9F22-EB8FDDD85D18}"
EndProject
Project("{FAE04EC0-301F-11D3-BF4B-00C04F79EFBC}") = "AppHarbor.Test", "AppHarbor.Test\AppHarbor.Test.csproj", "{AB19886F-C798-447A-A9CD-BEC6B3A3EBD1}"
EndProject
Project("{FAE04EC0-301F-11D3-BF4B-00C04F79EFBC}") = "AppHarbor.Sdk", "AppHarbor.Sdk\AppHarbor.Sdk.csproj", "{6ADD606F-2E3C-4210-951F-F15E1E4ACD08}"
EndProject
Project("{FAE04EC0-301F-11D3-BF4B-00C04F79EFBC}") = "AppHarbor.ConsoleSample", "AppHarbor.ConsoleSample\AppHarbor.ConsoleSample.csproj", "{936802F6-4809-4344-8B49-9DAB95047013}"
EndProject
Global
	GlobalSection(SolutionConfigurationPlatforms) = preSolution
		Debug|Any CPU = Debug|Any CPU
		Release|Any CPU = Release|Any CPU
	EndGlobalSection
	GlobalSection(ProjectConfigurationPlatforms) = postSolution
		{0C3887D5-069A-4212-9F22-EB8FDDD85D18}.Debug|Any CPU.ActiveCfg = Debug|Any CPU
		{0C3887D5-069A-4212-9F22-EB8FDDD85D18}.Debug|Any CPU.Build.0 = Debug|Any CPU
		{0C3887D5-069A-4212-9F22-EB8FDDD85D18}.Release|Any CPU.ActiveCfg = Release|Any CPU
		{0C3887D5-069A-4212-9F22-EB8FDDD85D18}.Release|Any CPU.Build.0 = Release|Any CPU
		{AB19886F-C798-447A-A9CD-BEC6B3A3EBD1}.Debug|Any CPU.ActiveCfg = Debug|Any CPU
		{AB19886F-C798-447A-A9CD-BEC6B3A3EBD1}.Debug|Any CPU.Build.0 = Debug|Any CPU
		{AB19886F-C798-447A-A9CD-BEC6B3A3EBD1}.Release|Any CPU.ActiveCfg = Release|Any CPU
		{AB19886F-C798-447A-A9CD-BEC6B3A3EBD1}.Release|Any CPU.Build.0 = Release|Any CPU
		{6ADD606F-2E3C-4210-951F-F15E1E4ACD08}.Debug|Any CPU.ActiveCfg = Debug|Any CPU
		{6ADD606F-2E3C-4210-951F-F15E1E4ACD08}.Debug|Any CPU.Build.0 = Debug|Any CPU
		{6ADD606F-2E3C-4210-951F-F15E1E4ACD08}.Release|Any CPU.ActiveCfg = Release|Any CPU
		{6ADD606F-2E3C-4210-951F-F15E1E4ACD08}.Release|Any CPU.Build.0 = Release|Any CPU
		{936802F6-4809-4344-8B49-9DAB95047013}.Debug|Any CPU.ActiveCfg = Debug|Any CPU
		{936802F6-4809-4344-8B49-9DAB95047013}.Debug|Any CPU.Build.0 = Debug|Any CPU
		{936802F6-4809-4344-8B49-9DAB95047013}.Release|Any CPU.ActiveCfg = Release|Any CPU
		{936802F6-4809-4344-8B49-9DAB95047013}.Release|Any CPU.Build.0 = Release|Any CPU
	EndGlobalSection
	GlobalSection(SolutionProperties) = preSolution
		HideSolutionNode = FALSE
	EndGlobalSection
EndGlobal
